<?xml version="1.0" encoding="utf-8"?>
<Project ToolsVersion="4.0" xmlns="http://schemas.microsoft.com/developer/msbuild/2003">
  <ItemGroup>
    <ClCompile Include="Source\Main.cpp" />
    <ClCompile Include="Source\App.cpp" />
    <ClCompile Include="Source\Log.cpp">
      <Filter>Utils</Filter>
    </ClCompile>
    <ClCompile Include="Source\External\PugiXml\src\pugixml.cpp">
      <Filter>External\PugiXml</Filter>
    </ClCompile>
    <ClCompile Include="Source\Collider.cpp" />
    <ClCompile Include="Source\Item_Coin.cpp">
      <Filter>Entities\Items</Filter>
    </ClCompile>
    <ClCompile Include="Source\Item_Potion.cpp">
      <Filter>Entities\Items</Filter>
    </ClCompile>
    <ClCompile Include="Source\Items.cpp">
      <Filter>Entities\Items</Filter>
    </ClCompile>
    <ClCompile Include="Source\Shots.cpp">
      <Filter>Particles</Filter>
    </ClCompile>
    <ClCompile Include="Source\Particle.cpp">
      <Filter>Particles</Filter>
    </ClCompile>
    <ClCompile Include="Source\Enemies.cpp">
      <Filter>Entities\Enemies</Filter>
    </ClCompile>
    <ClCompile Include="Source\Fly_Enemy.cpp">
      <Filter>Entities\Enemies</Filter>
    </ClCompile>
    <ClCompile Include="Source\Walk_Enemy.cpp">
      <Filter>Entities\Enemies</Filter>
    </ClCompile>
    <ClCompile Include="Source\Audio.cpp">
      <Filter>Modules</Filter>
    </ClCompile>
    <ClCompile Include="Source\Collisions.cpp">
      <Filter>Modules</Filter>
    </ClCompile>
    <ClCompile Include="Source\FadeToBlack.cpp">
      <Filter>Modules</Filter>
    </ClCompile>
    <ClCompile Include="Source\Fonts.cpp">
      <Filter>Modules</Filter>
    </ClCompile>
    <ClCompile Include="Source\Input.cpp">
      <Filter>Modules</Filter>
    </ClCompile>
    <ClCompile Include="Source\Map.cpp">
      <Filter>Modules</Filter>
    </ClCompile>
    <ClCompile Include="Source\PathFinding.cpp">
      <Filter>Modules</Filter>
    </ClCompile>
    <ClCompile Include="Source\Player.cpp">
      <Filter>Modules</Filter>
    </ClCompile>
    <ClCompile Include="Source\Render.cpp">
      <Filter>Modules</Filter>
    </ClCompile>
    <ClCompile Include="Source\Scene.cpp">
      <Filter>Modules</Filter>
    </ClCompile>
    <ClCompile Include="Source\Textures.cpp">
      <Filter>Modules</Filter>
    </ClCompile>
    <ClCompile Include="Source\Window.cpp">
      <Filter>Modules</Filter>
    </ClCompile>
    <ClCompile Include="Source\Title.cpp">
      <Filter>Modules</Filter>
    </ClCompile>
    <ClCompile Include="Source\Timer.cpp">
      <Filter>Timers</Filter>
    </ClCompile>
    <ClCompile Include="Source\PerfTimer.cpp">
      <Filter>Timers</Filter>
    </ClCompile>
    <ClCompile Include="Source\EntityManager.cpp">
      <Filter>Entities</Filter>
    </ClCompile>
    <ClCompile Include="Source\Entity.cpp">
      <Filter>Entities</Filter>
    </ClCompile>
    <ClCompile Include="Source\GuiButton.cpp">
      <Filter>Gui</Filter>
    </ClCompile>
    <ClCompile Include="Source\GuiManager.cpp">
      <Filter>Gui</Filter>
    </ClCompile>
    <ClCompile Include="Source\Settings.cpp">
      <Filter>Gui</Filter>
    </ClCompile>
    <ClCompile Include="Source\GuiSlider.cpp">
      <Filter>Gui</Filter>
    </ClCompile>
    <ClCompile Include="Source\GuiCheckbox.cpp" />
    <ClCompile Include="Source\Intro.cpp">
      <Filter>Modules</Filter>
    </ClCompile>
    <ClCompile Include="Source\PauseMenu.cpp" />
  </ItemGroup>
  <ItemGroup>
    <ClInclude Include="Source\App.h" />
    <ClInclude Include="Source\Defs.h">
      <Filter>Utils</Filter>
    </ClInclude>
    <ClInclude Include="Source\DynArray.h">
      <Filter>Utils</Filter>
    </ClInclude>
    <ClInclude Include="Source\List.h">
      <Filter>Utils</Filter>
    </ClInclude>
    <ClInclude Include="Source\Log.h">
      <Filter>Utils</Filter>
    </ClInclude>
    <ClInclude Include="Source\Point.h">
      <Filter>Utils</Filter>
    </ClInclude>
    <ClInclude Include="Source\SString.h">
      <Filter>Utils</Filter>
    </ClInclude>
    <ClInclude Include="Source\External\PugiXml\src\pugiconfig.hpp">
      <Filter>External\PugiXml</Filter>
    </ClInclude>
    <ClInclude Include="Source\External\PugiXml\src\pugixml.hpp">
      <Filter>External\PugiXml</Filter>
    </ClInclude>
    <ClInclude Include="Source\Animation.h" />
    <ClInclude Include="Source\Collider.h" />
    <ClInclude Include="Source\Item_Coin.h">
      <Filter>Entities\Items</Filter>
    </ClInclude>
    <ClInclude Include="Source\Item_Potion.h">
      <Filter>Entities\Items</Filter>
    </ClInclude>
    <ClInclude Include="Source\Items.h">
      <Filter>Entities\Items</Filter>
    </ClInclude>
    <ClInclude Include="Source\Shots.h">
      <Filter>Particles</Filter>
    </ClInclude>
    <ClInclude Include="Source\Particle.h">
      <Filter>Particles</Filter>
    </ClInclude>
    <ClInclude Include="Source\Enemies.h">
      <Filter>Entities\Enemies</Filter>
    </ClInclude>
    <ClInclude Include="Source\Fly_Enemy.h">
      <Filter>Entities\Enemies</Filter>
    </ClInclude>
    <ClInclude Include="Source\Walk_Enemy.h">
      <Filter>Entities\Enemies</Filter>
    </ClInclude>
    <ClInclude Include="Source\Audio.h">
      <Filter>Modules</Filter>
    </ClInclude>
    <ClInclude Include="Source\Collisions.h">
      <Filter>Modules</Filter>
    </ClInclude>
    <ClInclude Include="Source\FadeToBlack.h">
      <Filter>Modules</Filter>
    </ClInclude>
    <ClInclude Include="Source\Fonts.h">
      <Filter>Modules</Filter>
    </ClInclude>
    <ClInclude Include="Source\Input.h">
      <Filter>Modules</Filter>
    </ClInclude>
    <ClInclude Include="Source\Map.h">
      <Filter>Modules</Filter>
    </ClInclude>
    <ClInclude Include="Source\Module.h">
      <Filter>Modules</Filter>
    </ClInclude>
    <ClInclude Include="Source\PathFinding.h">
      <Filter>Modules</Filter>
    </ClInclude>
    <ClInclude Include="Source\Player.h">
      <Filter>Modules</Filter>
    </ClInclude>
    <ClInclude Include="Source\Render.h">
      <Filter>Modules</Filter>
    </ClInclude>
    <ClInclude Include="Source\Scene.h">
      <Filter>Modules</Filter>
    </ClInclude>
    <ClInclude Include="Source\Textures.h">
      <Filter>Modules</Filter>
    </ClInclude>
    <ClInclude Include="Source\Window.h">
      <Filter>Modules</Filter>
    </ClInclude>
    <ClInclude Include="Source\Title.h">
      <Filter>Modules</Filter>
    </ClInclude>
    <ClInclude Include="Source\Globals.h" />
    <ClInclude Include="Source\Timer.h">
      <Filter>Timers</Filter>
    </ClInclude>
    <ClInclude Include="Source\PerfTimer.h">
      <Filter>Timers</Filter>
    </ClInclude>
    <ClInclude Include="Source\EntityManager.h">
      <Filter>Entities</Filter>
    </ClInclude>
    <ClInclude Include="Source\Entity.h">
      <Filter>Entities</Filter>
    </ClInclude>
    <ClInclude Include="Source\GuiButton.h">
      <Filter>Gui</Filter>
    </ClInclude>
    <ClInclude Include="Source\GuiControl.h">
      <Filter>Gui</Filter>
    </ClInclude>
    <ClInclude Include="Source\GuiManager.h">
      <Filter>Gui</Filter>
    </ClInclude>
    <ClInclude Include="Source\Settings.h">
      <Filter>Gui</Filter>
    </ClInclude>
    <ClInclude Include="Source\GuiSlider.h">
      <Filter>Gui</Filter>
    </ClInclude>
    <ClInclude Include="Source\GuiCheckbox.h" />
    <ClInclude Include="Source\Intro.h">
      <Filter>Modules</Filter>
    </ClInclude>
    <ClInclude Include="Source\PauseMenu.h" />
  </ItemGroup>
  <ItemGroup>
    <Filter Include="External">
      <UniqueIdentifier>{83a966c7-b4bb-4eff-9c2c-3ff3c7b55a60}</UniqueIdentifier>
    </Filter>
    <Filter Include="Utils">
      <UniqueIdentifier>{2cad778a-d356-48b0-9fee-587f1bbb187e}</UniqueIdentifier>
    </Filter>
    <Filter Include="External\PugiXml">
      <UniqueIdentifier>{2855ff7f-53a1-413d-a75b-18b4ade921dd}</UniqueIdentifier>
    </Filter>
    <Filter Include="File">
      <UniqueIdentifier>{0704224e-29be-469f-827c-81007dbc7fce}</UniqueIdentifier>
    </Filter>
    <Filter Include="Particles">
      <UniqueIdentifier>{5b82b028-fb2b-4f9c-9784-dcde6eb370c1}</UniqueIdentifier>
    </Filter>
    <Filter Include="Modules">
      <UniqueIdentifier>{4be98050-b475-4c1d-86f7-181b574efd7b}</UniqueIdentifier>
    </Filter>
    <Filter Include="Timers">
      <UniqueIdentifier>{750b66be-2542-4559-99c6-42d5aaf63159}</UniqueIdentifier>
    </Filter>
    <Filter Include="Entities">
      <UniqueIdentifier>{23928f2b-043b-4ee3-83c4-925af508ff7e}</UniqueIdentifier>
    </Filter>
    <Filter Include="Gui">
      <UniqueIdentifier>{2535093a-458f-4b8c-8312-75e05400068e}</UniqueIdentifier>
    </Filter>
    <Filter Include="Entities\Enemies">
      <UniqueIdentifier>{b28ae151-1298-459f-a142-c74733cc8351}</UniqueIdentifier>
    </Filter>
    <Filter Include="Entities\Items">
      <UniqueIdentifier>{fa55492c-0520-4e2a-a458-3163f79c92c6}</UniqueIdentifier>
    </Filter>
  </ItemGroup>
  <ItemGroup>
    <None Include="..\Output\Assets\maps\map_level1.tmx">
      <Filter>File</Filter>
    </None>
    <None Include="..\Output\Assets\maps\map_level2.tmx">
      <Filter>File</Filter>
    </None>
  </ItemGroup>
  <ItemGroup>
    <Xml Include="..\Output\config.xml">
      <Filter>File</Filter>
    </Xml>
    <Xml Include="..\Output\save_game.xml">
      <Filter>File</Filter>
    </Xml>
  </ItemGroup>
</Project>